
Microsoft Visual Studio Solution File, Format Version 12.00
# Visual Studio Version 17
VisualStudioVersion = 17.0.31903.59
MinimumVisualStudioVersion = 10.0.40219.1
Project("{2150E333-8FDC-42A3-9474-1A3956D46DE8}") = "src", "src", "{827E0CD3-B72D-47B6-A68D-7590B98EB39B}"
EndProject
Project("{E53339B2-1760-4266-BCC7-CA923CBCF16C}") = "docker-compose", "docker-compose.dcproj", "{A295B5B0-33F7-4CE1-99EE-22B86F13B7C4}"
EndProject
Project("{FAE04EC0-301F-11D3-BF4B-00C04F79EFBC}") = "SocialDDD.Domain", "src\SocialDDD.Domain\SocialDDD.Domain.csproj", "{74BED4F0-8383-403C-8D7A-D5F2C4B52FE5}"
EndProject
Project("{FAE04EC0-301F-11D3-BF4B-00C04F79EFBC}") = "SocialDDD.Application", "src\SocialDDD.Application\SocialDDD.Application.csproj", "{00126AF4-2E41-41EF-9D4A-08B0D2BD8DA4}"
EndProject
Project("{FAE04EC0-301F-11D3-BF4B-00C04F79EFBC}") = "SocialDDD.Infrastructure", "src\SocialDDD.Infrastructure\SocialDDD.Infrastructure.csproj", "{034B279C-B9A6-4713-A104-299DC240C50E}"
EndProject
Project("{FAE04EC0-301F-11D3-BF4B-00C04F79EFBC}") = "SocialDDD.Api", "src\SocialDDD.Api\SocialDDD.Api.csproj", "{EA4E34BC-C37B-441E-BE20-D81290200E18}"
EndProject
Project("{FAE04EC0-301F-11D3-BF4B-00C04F79EFBC}") = "SocialDDD.Client", "src\SocialDDD.Client\SocialDDD.Client.csproj", "{560C5F62-9E30-4B82-A3C7-CE7357561911}"
EndProject
Project("{2150E333-8FDC-42A3-9474-1A3956D46DE8}") = "tests", "tests", "{0AB3BF05-4346-4AA6-1389-037BE0695223}"
EndProject
Project("{FAE04EC0-301F-11D3-BF4B-00C04F79EFBC}") = "SocialDDD.Domain.Tests", "tests\SocialDDD.Domain.Tests\SocialDDD.Domain.Tests.csproj", "{1E04BAE8-CD91-47EF-A32E-E22F0F05A2C8}"
EndProject
Global
	GlobalSection(SolutionConfigurationPlatforms) = preSolution
		Debug|Any CPU = Debug|Any CPU
		Debug|x64 = Debug|x64
		Debug|x86 = Debug|x86
		Release|Any CPU = Release|Any CPU
		Release|x64 = Release|x64
		Release|x86 = Release|x86
	EndGlobalSection
	GlobalSection(ProjectConfigurationPlatforms) = postSolution
		{A295B5B0-33F7-4CE1-99EE-22B86F13B7C4}.Debug|Any CPU.ActiveCfg = Debug|Any CPU
		{A295B5B0-33F7-4CE1-99EE-22B86F13B7C4}.Debug|Any CPU.Build.0 = Debug|Any CPU
		{A295B5B0-33F7-4CE1-99EE-22B86F13B7C4}.Debug|x64.ActiveCfg = Debug|Any CPU
		{A295B5B0-33F7-4CE1-99EE-22B86F13B7C4}.Debug|x64.Build.0 = Debug|Any CPU
		{A295B5B0-33F7-4CE1-99EE-22B86F13B7C4}.Debug|x86.ActiveCfg = Debug|Any CPU
		{A295B5B0-33F7-4CE1-99EE-22B86F13B7C4}.Debug|x86.Build.0 = Debug|Any CPU
		{A295B5B0-33F7-4CE1-99EE-22B86F13B7C4}.Release|Any CPU.ActiveCfg = Release|Any CPU
		{A295B5B0-33F7-4CE1-99EE-22B86F13B7C4}.Release|Any CPU.Build.0 = Release|Any CPU
		{A295B5B0-33F7-4CE1-99EE-22B86F13B7C4}.Release|x64.ActiveCfg = Release|Any CPU
		{A295B5B0-33F7-4CE1-99EE-22B86F13B7C4}.Release|x64.Build.0 = Release|Any CPU
		{A295B5B0-33F7-4CE1-99EE-22B86F13B7C4}.Release|x86.ActiveCfg = Release|Any CPU
		{A295B5B0-33F7-4CE1-99EE-22B86F13B7C4}.Release|x86.Build.0 = Release|Any CPU
		{74BED4F0-8383-403C-8D7A-D5F2C4B52FE5}.Debug|Any CPU.ActiveCfg = Debug|Any CPU
		{74BED4F0-8383-403C-8D7A-D5F2C4B52FE5}.Debug|Any CPU.Build.0 = Debug|Any CPU
		{74BED4F0-8383-403C-8D7A-D5F2C4B52FE5}.Debug|x64.ActiveCfg = Debug|Any CPU
		{74BED4F0-8383-403C-8D7A-D5F2C4B52FE5}.Debug|x64.Build.0 = Debug|Any CPU
		{74BED4F0-8383-403C-8D7A-D5F2C4B52FE5}.Debug|x86.ActiveCfg = Debug|Any CPU
		{74BED4F0-8383-403C-8D7A-D5F2C4B52FE5}.Debug|x86.Build.0 = Debug|Any CPU
		{74BED4F0-8383-403C-8D7A-D5F2C4B52FE5}.Release|Any CPU.ActiveCfg = Release|Any CPU
		{74BED4F0-8383-403C-8D7A-D5F2C4B52FE5}.Release|Any CPU.Build.0 = Release|Any CPU
		{74BED4F0-8383-403C-8D7A-D5F2C4B52FE5}.Release|x64.ActiveCfg = Release|Any CPU
		{74BED4F0-8383-403C-8D7A-D5F2C4B52FE5}.Release|x64.Build.0 = Release|Any CPU
		{74BED4F0-8383-403C-8D7A-D5F2C4B52FE5}.Release|x86.ActiveCfg = Release|Any CPU
		{74BED4F0-8383-403C-8D7A-D5F2C4B52FE5}.Release|x86.Build.0 = Release|Any CPU
		{00126AF4-2E41-41EF-9D4A-08B0D2BD8DA4}.Debug|Any CPU.ActiveCfg = Debug|Any CPU
		{00126AF4-2E41-41EF-9D4A-08B0D2BD8DA4}.Debug|Any CPU.Build.0 = Debug|Any CPU
		{00126AF4-2E41-41EF-9D4A-08B0D2BD8DA4}.Debug|x64.ActiveCfg = Debug|Any CPU
		{00126AF4-2E41-41EF-9D4A-08B0D2BD8DA4}.Debug|x64.Build.0 = Debug|Any CPU
		{00126AF4-2E41-41EF-9D4A-08B0D2BD8DA4}.Debug|x86.ActiveCfg = Debug|Any CPU
		{00126AF4-2E41-41EF-9D4A-08B0D2BD8DA4}.Debug|x86.Build.0 = Debug|Any CPU
		{00126AF4-2E41-41EF-9D4A-08B0D2BD8DA4}.Release|Any CPU.ActiveCfg = Release|Any CPU
		{00126AF4-2E41-41EF-9D4A-08B0D2BD8DA4}.Release|Any CPU.Build.0 = Release|Any CPU
		{00126AF4-2E41-41EF-9D4A-08B0D2BD8DA4}.Release|x64.ActiveCfg = Release|Any CPU
		{00126AF4-2E41-41EF-9D4A-08B0D2BD8DA4}.Release|x64.Build.0 = Release|Any CPU
		{00126AF4-2E41-41EF-9D4A-08B0D2BD8DA4}.Release|x86.ActiveCfg = Release|Any CPU
		{00126AF4-2E41-41EF-9D4A-08B0D2BD8DA4}.Release|x86.Build.0 = Release|Any CPU
		{034B279C-B9A6-4713-A104-299DC240C50E}.Debug|Any CPU.ActiveCfg = Debug|Any CPU
		{034B279C-B9A6-4713-A104-299DC240C50E}.Debug|Any CPU.Build.0 = Debug|Any CPU
		{034B279C-B9A6-4713-A104-299DC240C50E}.Debug|x64.ActiveCfg = Debug|Any CPU
		{034B279C-B9A6-4713-A104-299DC240C50E}.Debug|x64.Build.0 = Debug|Any CPU
		{034B279C-B9A6-4713-A104-299DC240C50E}.Debug|x86.ActiveCfg = Debug|Any CPU
		{034B279C-B9A6-4713-A104-299DC240C50E}.Debug|x86.Build.0 = Debug|Any CPU
		{034B279C-B9A6-4713-A104-299DC240C50E}.Release|Any CPU.ActiveCfg = Release|Any CPU
		{034B279C-B9A6-4713-A104-299DC240C50E}.Release|Any CPU.Build.0 = Release|Any CPU
		{034B279C-B9A6-4713-A104-299DC240C50E}.Release|x64.ActiveCfg = Release|Any CPU
		{034B279C-B9A6-4713-A104-299DC240C50E}.Release|x64.Build.0 = Release|Any CPU
		{034B279C-B9A6-4713-A104-299DC240C50E}.Release|x86.ActiveCfg = Release|Any CPU
		{034B279C-B9A6-4713-A104-299DC240C50E}.Release|x86.Build.0 = Release|Any CPU
		{EA4E34BC-C37B-441E-BE20-D81290200E18}.Debug|Any CPU.ActiveCfg = Debug|Any CPU
		{EA4E34BC-C37B-441E-BE20-D81290200E18}.Debug|Any CPU.Build.0 = Debug|Any CPU
		{EA4E34BC-C37B-441E-BE20-D81290200E18}.Debug|x64.ActiveCfg = Debug|Any CPU
		{EA4E34BC-C37B-441E-BE20-D81290200E18}.Debug|x64.Build.0 = Debug|Any CPU
		{EA4E34BC-C37B-441E-BE20-D81290200E18}.Debug|x86.ActiveCfg = Debug|Any CPU
		{EA4E34BC-C37B-441E-BE20-D81290200E18}.Debug|x86.Build.0 = Debug|Any CPU
		{EA4E34BC-C37B-441E-BE20-D81290200E18}.Release|Any CPU.ActiveCfg = Release|Any CPU
		{EA4E34BC-C37B-441E-BE20-D81290200E18}.Release|Any CPU.Build.0 = Release|Any CPU
		{EA4E34BC-C37B-441E-BE20-D81290200E18}.Release|x64.ActiveCfg = Release|Any CPU
		{EA4E34BC-C37B-441E-BE20-D81290200E18}.Release|x64.Build.0 = Release|Any CPU
		{EA4E34BC-C37B-441E-BE20-D81290200E18}.Release|x86.ActiveCfg = Release|Any CPU
		{EA4E34BC-C37B-441E-BE20-D81290200E18}.Release|x86.Build.0 = Release|Any CPU
		{560C5F62-9E30-4B82-A3C7-CE7357561911}.Debug|Any CPU.ActiveCfg = Debug|Any CPU
		{560C5F62-9E30-4B82-A3C7-CE7357561911}.Debug|Any CPU.Build.0 = Debug|Any CPU
		{560C5F62-9E30-4B82-A3C7-CE7357561911}.Debug|x64.ActiveCfg = Debug|Any CPU
		{560C5F62-9E30-4B82-A3C7-CE7357561911}.Debug|x64.Build.0 = Debug|Any CPU
		{560C5F62-9E30-4B82-A3C7-CE7357561911}.Debug|x86.ActiveCfg = Debug|Any CPU
		{560C5F62-9E30-4B82-A3C7-CE7357561911}.Debug|x86.Build.0 = Debug|Any CPU
		{560C5F62-9E30-4B82-A3C7-CE7357561911}.Release|Any CPU.ActiveCfg = Release|Any CPU
		{560C5F62-9E30-4B82-A3C7-CE7357561911}.Release|Any CPU.Build.0 = Release|Any CPU
		{560C5F62-9E30-4B82-A3C7-CE7357561911}.Release|x64.ActiveCfg = Release|Any CPU
		{560C5F62-9E30-4B82-A3C7-CE7357561911}.Release|x64.Build.0 = Release|Any CPU
		{560C5F62-9E30-4B82-A3C7-CE7357561911}.Release|x86.ActiveCfg = Release|Any CPU
		{560C5F62-9E30-4B82-A3C7-CE7357561911}.Release|x86.Build.0 = Release|Any CPU
		{1E04BAE8-CD91-47EF-A32E-E22F0F05A2C8}.Debug|Any CPU.ActiveCfg = Debug|Any CPU
		{1E04BAE8-CD91-47EF-A32E-E22F0F05A2C8}.Debug|Any CPU.Build.0 = Debug|Any CPU
		{1E04BAE8-CD91-47EF-A32E-E22F0F05A2C8}.Debug|x64.ActiveCfg = Debug|Any CPU
		{1E04BAE8-CD91-47EF-A32E-E22F0F05A2C8}.Debug|x64.Build.0 = Debug|Any CPU
		{1E04BAE8-CD91-47EF-A32E-E22F0F05A2C8}.Debug|x86.ActiveCfg = Debug|Any CPU
		{1E04BAE8-CD91-47EF-A32E-E22F0F05A2C8}.Debug|x86.Build.0 = Debug|Any CPU
		{1E04BAE8-CD91-47EF-A32E-E22F0F05A2C8}.Release|Any CPU.ActiveCfg = Release|Any CPU
		{1E04BAE8-CD91-47EF-A32E-E22F0F05A2C8}.Release|Any CPU.Build.0 = Release|Any CPU
		{1E04BAE8-CD91-47EF-A32E-E22F0F05A2C8}.Release|x64.ActiveCfg = Release|Any CPU
		{1E04BAE8-CD91-47EF-A32E-E22F0F05A2C8}.Release|x64.Build.0 = Release|Any CPU
		{1E04BAE8-CD91-47EF-A32E-E22F0F05A2C8}.Release|x86.ActiveCfg = Release|Any CPU
		{1E04BAE8-CD91-47EF-A32E-E22F0F05A2C8}.Release|x86.Build.0 = Release|Any CPU
	EndGlobalSection
	GlobalSection(SolutionProperties) = preSolution
		HideSolutionNode = FALSE
	EndGlobalSection
	GlobalSection(NestedProjects) = preSolution
		{74BED4F0-8383-403C-8D7A-D5F2C4B52FE5} = {827E0CD3-B72D-47B6-A68D-7590B98EB39B}
		{00126AF4-2E41-41EF-9D4A-08B0D2BD8DA4} = {827E0CD3-B72D-47B6-A68D-7590B98EB39B}
		{034B279C-B9A6-4713-A104-299DC240C50E} = {827E0CD3-B72D-47B6-A68D-7590B98EB39B}
		{EA4E34BC-C37B-441E-BE20-D81290200E18} = {827E0CD3-B72D-47B6-A68D-7590B98EB39B}
		{560C5F62-9E30-4B82-A3C7-CE7357561911} = {827E0CD3-B72D-47B6-A68D-7590B98EB39B}
		{1E04BAE8-CD91-47EF-A32E-E22F0F05A2C8} = {0AB3BF05-4346-4AA6-1389-037BE0695223}
	EndGlobalSection
EndGlobal
